
Microsoft Visual Studio Solution File, Format Version 12.00
# Visual Studio Version 17
VisualStudioVersion = 17.4.33122.133
MinimumVisualStudioVersion = 10.0.40219.1
<<<<<<< HEAD
Project("{FAE04EC0-301F-11D3-BF4B-00C04F79EFBC}") = "StockApp.Domain", "StockApp.Domain\StockApp.Domain.csproj", "{B8E2E917-5C3C-44DF-8397-CE5910F8B96A}"
EndProject
Project("{FAE04EC0-301F-11D3-BF4B-00C04F79EFBC}") = "StockApp.Application", "StockApp.Application\StockApp.Application.csproj", "{A3923406-FC72-4D03-9077-281E021AEAE2}"
EndProject
Project("{FAE04EC0-301F-11D3-BF4B-00C04F79EFBC}") = "StockApp.Infra.Data", "StockApp.Infra.Data\StockApp.Infra.Data.csproj", "{32012F67-3C1D-491D-908E-7E11B864F3DB}"
EndProject
Project("{FAE04EC0-301F-11D3-BF4B-00C04F79EFBC}") = "StockApp.Infra.IoC", "StockApp.Infra.IoC\StockApp.Infra.IoC.csproj", "{9A2E1B70-A9AB-4FA3-8D7E-8F0FAC9978F5}"
EndProject
Project("{FAE04EC0-301F-11D3-BF4B-00C04F79EFBC}") = "StockApp.WebUI", "StockApp.WebUI\StockApp.WebUI.csproj", "{1585E672-812B-4ADD-8C5C-4AA39C5F7204}"
=======
Project("{FAE04EC0-301F-11D3-BF4B-00C04F79EFBC}") = "StockApp.Domain", "StockApp.Domain\StockApp.Domain.csproj", "{DADE10E9-F98B-49C2-8D00-F97F479B7503}"
EndProject
Project("{FAE04EC0-301F-11D3-BF4B-00C04F79EFBC}") = "StockApp.Application", "StockApp.Application\StockApp.Application.csproj", "{D252D7DC-D1BC-41EC-9F5D-B89827172941}"
EndProject
Project("{FAE04EC0-301F-11D3-BF4B-00C04F79EFBC}") = "StockApp.Infra.Data", "StockApp.Infra.Data\StockApp.Infra.Data.csproj", "{3C310CF6-6C80-44CD-A4D6-C1DA29C0923D}"
EndProject
Project("{FAE04EC0-301F-11D3-BF4B-00C04F79EFBC}") = "StockApp.Infra.IoC", "StockApp.Infra.IoC\StockApp.Infra.IoC.csproj", "{E670A189-7A04-4AA0-BCE2-549313073525}"
EndProject
Project("{FAE04EC0-301F-11D3-BF4B-00C04F79EFBC}") = "StockApp.WebUI", "StockApp.WebUI\StockApp.WebUI.csproj", "{25467ACD-7196-47BD-B0F7-02BC04D13F37}"
>>>>>>> e5d107ecfa172be473d2a075501cdf8113a2fc87
EndProject
Global
	GlobalSection(SolutionConfigurationPlatforms) = preSolution
		Debug|Any CPU = Debug|Any CPU
		Release|Any CPU = Release|Any CPU
	EndGlobalSection
	GlobalSection(ProjectConfigurationPlatforms) = postSolution
<<<<<<< HEAD
		{B8E2E917-5C3C-44DF-8397-CE5910F8B96A}.Debug|Any CPU.ActiveCfg = Debug|Any CPU
		{B8E2E917-5C3C-44DF-8397-CE5910F8B96A}.Debug|Any CPU.Build.0 = Debug|Any CPU
		{B8E2E917-5C3C-44DF-8397-CE5910F8B96A}.Release|Any CPU.ActiveCfg = Release|Any CPU
		{B8E2E917-5C3C-44DF-8397-CE5910F8B96A}.Release|Any CPU.Build.0 = Release|Any CPU
		{A3923406-FC72-4D03-9077-281E021AEAE2}.Debug|Any CPU.ActiveCfg = Debug|Any CPU
		{A3923406-FC72-4D03-9077-281E021AEAE2}.Debug|Any CPU.Build.0 = Debug|Any CPU
		{A3923406-FC72-4D03-9077-281E021AEAE2}.Release|Any CPU.ActiveCfg = Release|Any CPU
		{A3923406-FC72-4D03-9077-281E021AEAE2}.Release|Any CPU.Build.0 = Release|Any CPU
		{32012F67-3C1D-491D-908E-7E11B864F3DB}.Debug|Any CPU.ActiveCfg = Debug|Any CPU
		{32012F67-3C1D-491D-908E-7E11B864F3DB}.Debug|Any CPU.Build.0 = Debug|Any CPU
		{32012F67-3C1D-491D-908E-7E11B864F3DB}.Release|Any CPU.ActiveCfg = Release|Any CPU
		{32012F67-3C1D-491D-908E-7E11B864F3DB}.Release|Any CPU.Build.0 = Release|Any CPU
		{9A2E1B70-A9AB-4FA3-8D7E-8F0FAC9978F5}.Debug|Any CPU.ActiveCfg = Debug|Any CPU
		{9A2E1B70-A9AB-4FA3-8D7E-8F0FAC9978F5}.Debug|Any CPU.Build.0 = Debug|Any CPU
		{9A2E1B70-A9AB-4FA3-8D7E-8F0FAC9978F5}.Release|Any CPU.ActiveCfg = Release|Any CPU
		{9A2E1B70-A9AB-4FA3-8D7E-8F0FAC9978F5}.Release|Any CPU.Build.0 = Release|Any CPU
		{1585E672-812B-4ADD-8C5C-4AA39C5F7204}.Debug|Any CPU.ActiveCfg = Debug|Any CPU
		{1585E672-812B-4ADD-8C5C-4AA39C5F7204}.Debug|Any CPU.Build.0 = Debug|Any CPU
		{1585E672-812B-4ADD-8C5C-4AA39C5F7204}.Release|Any CPU.ActiveCfg = Release|Any CPU
		{1585E672-812B-4ADD-8C5C-4AA39C5F7204}.Release|Any CPU.Build.0 = Release|Any CPU
=======
		{DADE10E9-F98B-49C2-8D00-F97F479B7503}.Debug|Any CPU.ActiveCfg = Debug|Any CPU
		{DADE10E9-F98B-49C2-8D00-F97F479B7503}.Debug|Any CPU.Build.0 = Debug|Any CPU
		{DADE10E9-F98B-49C2-8D00-F97F479B7503}.Release|Any CPU.ActiveCfg = Release|Any CPU
		{DADE10E9-F98B-49C2-8D00-F97F479B7503}.Release|Any CPU.Build.0 = Release|Any CPU
		{D252D7DC-D1BC-41EC-9F5D-B89827172941}.Debug|Any CPU.ActiveCfg = Debug|Any CPU
		{D252D7DC-D1BC-41EC-9F5D-B89827172941}.Debug|Any CPU.Build.0 = Debug|Any CPU
		{D252D7DC-D1BC-41EC-9F5D-B89827172941}.Release|Any CPU.ActiveCfg = Release|Any CPU
		{D252D7DC-D1BC-41EC-9F5D-B89827172941}.Release|Any CPU.Build.0 = Release|Any CPU
		{3C310CF6-6C80-44CD-A4D6-C1DA29C0923D}.Debug|Any CPU.ActiveCfg = Debug|Any CPU
		{3C310CF6-6C80-44CD-A4D6-C1DA29C0923D}.Debug|Any CPU.Build.0 = Debug|Any CPU
		{3C310CF6-6C80-44CD-A4D6-C1DA29C0923D}.Release|Any CPU.ActiveCfg = Release|Any CPU
		{3C310CF6-6C80-44CD-A4D6-C1DA29C0923D}.Release|Any CPU.Build.0 = Release|Any CPU
		{E670A189-7A04-4AA0-BCE2-549313073525}.Debug|Any CPU.ActiveCfg = Debug|Any CPU
		{E670A189-7A04-4AA0-BCE2-549313073525}.Debug|Any CPU.Build.0 = Debug|Any CPU
		{E670A189-7A04-4AA0-BCE2-549313073525}.Release|Any CPU.ActiveCfg = Release|Any CPU
		{E670A189-7A04-4AA0-BCE2-549313073525}.Release|Any CPU.Build.0 = Release|Any CPU
		{25467ACD-7196-47BD-B0F7-02BC04D13F37}.Debug|Any CPU.ActiveCfg = Debug|Any CPU
		{25467ACD-7196-47BD-B0F7-02BC04D13F37}.Debug|Any CPU.Build.0 = Debug|Any CPU
		{25467ACD-7196-47BD-B0F7-02BC04D13F37}.Release|Any CPU.ActiveCfg = Release|Any CPU
		{25467ACD-7196-47BD-B0F7-02BC04D13F37}.Release|Any CPU.Build.0 = Release|Any CPU
>>>>>>> e5d107ecfa172be473d2a075501cdf8113a2fc87
	EndGlobalSection
	GlobalSection(SolutionProperties) = preSolution
		HideSolutionNode = FALSE
	EndGlobalSection
	GlobalSection(ExtensibilityGlobals) = postSolution
		SolutionGuid = {31301F9B-8079-4D06-909A-C349F7DED0F5}
	EndGlobalSection
EndGlobal
